{
  "lock_format": 1,
  "name": "csvstats",
  "kind": "module",
  "versions": { "trellis": "0.1", "soil": "0.1" },
  "spec": {
    "provenance": "human",
    "hashes": {
      "formal": "sha256:1c9be044",
      "test": null,
      "prose": "sha256:73a0d5f2"
    },
    "prose_state": "fresh",
    "blocks": [
      { "block": "exports", "author": "human" }
    ],
    "pinned": false,
    "escape_hatches": []
  },
  "checks": {
    "exports": "ok"
  },
  "accepted": false
}
