{
  "lock_format": 1,
  "name": "csvstats",
  "kind": "module",
  "versions": { "trellis": "0.1.0", "soil": "0.1" },
  "spec": {
    "provenance": "human",
    "hashes": {
      "formal": "sha256:4f523045c3a5c366ee4d455053150edda848a78e66028785b13f9a7dedfda790",
      "test": null,
      "prose": "sha256:ab30ca95085f61fa4f5af771b61e0a36cd316e93356b50ba6e54fcbceaf69730"
    },
    "prose_state": "fresh",
    "blocks": [
      { "block": "exports", "author": "human" }
    ],
    "pinned": false,
    "escape_hatches": []
  },
  "checks": {
    "exports": "ok"
  },
  "accepted": false
}
