{
  "lock_format": 1,
  "name": "nth",
  "kind": "function",
  "versions": { "trellis": "0.1.0", "soil": "0.1" },
  "spec": {
    "provenance": "human",
    "hashes": {
      "formal": "sha256:a95638aeff13614eb303f98a9fe6aa5ebfb8ff20488b87aae4cafd15914b6a9c",
      "test": "sha256:5cbd9552e2038d0a2158323eca17f2441deefcae5dac698d8dcec5773ecf2fc2",
      "prose": "sha256:0a97d34b8475c02b70f5826166d5eb9c4b731078496a507d8210826e5b410bde"
    },
    "prose_state": "fresh",
    "blocks": [
      { "block": "soil-sig", "author": "human" },
      { "block": "requires", "author": "human" },
      { "block": "test picks", "author": "human" },
      { "block": "test out-of-range", "author": "human" }
    ],
    "pinned": false,
    "escape_hatches": []
  },
  "lowering": {
    "soil_hash": "sha256:d32fd45ca339a7f7cc735e362a3e2621dbd451c2f732fc06f0de82e63e4a9c7c",
    "provenance": "human-verified",
    "provider": null,
    "model": null,
    "private_helpers": [],
    "calls": [],
    "decisions": {
      "scope_hash": "sha256:af5570f5a1810b7af78caf4bc70a660f0df51e42baf91d4de5b2328de0e83dfc",
      "applied": []
    }
  },
  "checks": {
    "types": "ok",
    "termination": "verified",
    "refinements": {
      "in-bounds": "runtime"
    },
    "holes": 0
  },
  "tests": [],
  "oracles": [],
  "accepted": false
}
