{
  "lock_format": 1,
  "name": "ParseError",
  "kind": "type",
  "versions": { "trellis": "0.1.0", "soil": "0.1" },
  "spec": {
    "provenance": "human",
    "hashes": {
      "formal": "sha256:3e2c0ed4cc4142481c18864ac2364e54a1c57743a75cabf2ebe9d5d2818b286f",
      "test": null,
      "prose": "sha256:82ef0c64a32097cc6a778da9625f8384de10d0a4d415de0a2875f7ce1f3bba44"
    },
    "prose_state": "fresh",
    "blocks": [
      { "block": "soil-type", "author": "human" }
    ],
    "pinned": false,
    "escape_hatches": []
  },
  "checks": {
    "types": "ok",
    "invariants": {}
  },
  "tests": [],
  "cycle_hash": null,
  "accepted": false
}
