{
  "lock_format": 1,
  "name": "Row",
  "kind": "type",
  "versions": { "trellis": "0.1.0", "soil": "0.1" },
  "spec": {
    "provenance": "human",
    "hashes": {
      "formal": "sha256:36af0f58e2bd320599cdcced097bf362d82842a7000b7fcf878ca04005cdd5f8",
      "test": null,
      "prose": "sha256:1334d065c2a08b423f5a99a2c417fda1915967977e42b7c79c16e0fb2ec8e282"
    },
    "prose_state": "fresh",
    "blocks": [
      { "block": "soil-type", "author": "human" },
      { "block": "invariant", "author": "human" }
    ],
    "pinned": false,
    "escape_hatches": []
  },
  "checks": {
    "types": "ok",
    "invariants": {
      "non-empty": "runtime"
    }
  },
  "tests": [],
  "cycle_hash": null,
  "accepted": true
}
