{
  "lock_format": 1,
  "name": "sort",
  "kind": "function",
  "versions": { "trellis": "0.1.0", "soil": "0.1" },
  "spec": {
    "provenance": "human",
    "hashes": {
      "formal": "sha256:d0c31f647f4c602dd2eb0443d989a85b1c710ceed1d6a8a74f817c017f18d6f0",
      "test": "sha256:597377afaa008d66e8d51e1dbba995f134e30b67e8d611fc10acf182b114094d",
      "prose": "sha256:d5d9bf70e7f06de96eabc9074f72da690ac3b4e42782d58d06a3d3eb6675d4f2"
    },
    "prose_state": "fresh",
    "blocks": [
      { "block": "soil-sig", "author": "human" },
      { "block": "ensures", "author": "human" },
      { "block": "test orders", "author": "human" }
    ],
    "pinned": false,
    "escape_hatches": []
  },
  "lowering": {
    "soil_hash": "sha256:ecb7c98a9c4fbcc3a802c3c224067136fc92df2c39bb7501277ee82c759a8188",
    "provenance": "human-verified",
    "provider": null,
    "model": null,
    "private_helpers": [],
    "calls": [],
    "decisions": {
      "scope_hash": "sha256:af5570f5a1810b7af78caf4bc70a660f0df51e42baf91d4de5b2328de0e83dfc",
      "applied": []
    }
  },
  "checks": {
    "types": "ok",
    "termination": "unverified",
    "refinements": {
      "permutation": "runtime",
      "sorted": "runtime"
    },
    "holes": 0
  },
  "tests": [
    { "name": "orders#1", "tier": "expect", "mode": "sandboxed", "origin": "spec", "result": "pass" },
    { "name": "orders#2", "tier": "expect", "mode": "sandboxed", "origin": "spec", "result": "pass" },
    { "name": "orders#3", "tier": "expect", "mode": "sandboxed", "origin": "spec", "result": "pass" },
    { "name": "orders#4", "tier": "expect", "mode": "sandboxed", "origin": "spec", "result": "pass" },
    { "name": "derived:ensures:sorted", "tier": "property", "mode": "sandboxed", "origin": "derived", "result": "pass" },
    { "name": "derived:ensures:permutation", "tier": "property", "mode": "sandboxed", "origin": "derived", "result": "pass" }
  ],
  "oracles": [],
  "accepted": false
}
